github.com/airbnb/lottie-web v5.13.0+incompatible h1:plBV5Uq/F1kK0EC61Hr0cBGReI9OgUfd/pp0baoDX8o=
github.com/airbnb/lottie-web v5.13.0+incompatible/go.mod h1:nTss557UK9FGnp8QYlCMO29tjUHwbdAHG/DprbGfHGE=
github.com/gethinode/hinode/v3 v3.0.0 h1:1ksEZYvTpD27XODFPUbIQ9UfjcD4tiJRt44OME0P6u8=
github.com/gethinode/hinode/v3 v3.0.0/go.mod h1:WuAa/ga+jArmSJ97j2Qi4L47y899smP76oQhGy9AZ/I=
github.com/gethinode/mod-bootstrap v1.3.7 h1:rbjOg//q7dbsM+TkDQLsyk9LKv93D1RUjtcSkvV55UU=
github.com/gethinode/mod-bootstrap v1.3.7/go.mod h1:CxrYCFzKtBMz3YWG5i/d5jHKCgvUo60NFcCmz2mxCjQ=
github.com/gethinode/mod-flexsearch/v5 v5.0.0 h1:JsrsKejSRxirUyfCZheLFkQVAJKdtRDr/d0lRKjrLYw=
github.com/gethinode/mod-flexsearch/v5 v5.0.0/go.mod h1:FGj0l97PX7OnDjvFtdFrq3g3BJPeal7FiSgrtd6Yxdo=
github.com/gethinode/mod-fontawesome/v6 v6.0.0 h1:PrfiMfVEAM5Lpnkp+sXOtOdRSOe3l56z+ngrPcACzlA=
github.com/gethinode/mod-fontawesome/v6 v6.0.0/go.mod h1:ayMslv2xpC5cjxUVTkIlFBbOd1LM5ezIr0OSOr6q8Gk=
github.com/gethinode/mod-katex v1.1.5 h1:Fp0BGdf3m9xWOQHx1hILi78gpNHRwdTpruQpLHpTCFw=
github.com/gethinode/mod-katex v1.1.5/go.mod h1:byAfpI3wuqNJIooTGVEGc1cjBhhCy4+CcK1H6495MYg=
github.com/gethinode/mod-leaflet/v3 v3.0.0 h1:rNjdruvS08bxqsLFEWNt9aU2KCbHiRlEKpKIutqWVOw=
github.com/gethinode/mod-leaflet/v3 v3.0.0/go.mod h1:FsoyVRb3DRZBb2jWPV4yJNqbmOKmCwaJgom2hbWZXnA=
github.com/gethinode/mod-lottie/v3 v3.0.0 h1:gTSuMNmaN72YWeeGYkIVukZDmJnu2ROF+yYQmTN4Rk4=
github.com/gethinode/mod-lottie/v3 v3.0.0/go.mod h1:t1aH0lLklNCchd398reXJtI0kAHkf3SXjo3tqi355wg=
github.com/gethinode/mod-simple-datatables/v4 v4.0.0 h1:Qv+i8Oz2slrAjKlngnIal02wMrSQVDh4r5fh8dkDXa8=
github.com/gethinode/mod-simple-datatables/v4 v4.0.0/go.mod h1:s/g95xKr/GUqJ90EXydgXS8YpyBxH6URj9HyMIq0VVk=
github.com/gethinode/mod-utils/v6 v6.3.0 h1:tFF7wp58vRzM3iAjV8znNZfURSc7HAVRu45vKLV/VXY=
github.com/gethinode/mod-utils/v6 v6.3.0/go.mod h1:E5tO9w3VKaidJpu1nI8zAKmh0bddFHOIIQnudAaXQTs=
github.com/nextapps-de/flexsearch v0.0.0-20260529083235-f7ed963096a0 h1:QDKcU3q39lFGzdVwM6kgCGnW3ibbMfYIi0Rwl62iJpo=
github.com/nextapps-de/flexsearch v0.0.0-20260529083235-f7ed963096a0/go.mod h1:5GdMfPAXzbA2gXBqTjC6l27kioSYzHlqDMh0+wyx7sU=
github.com/twbs/bootstrap v5.3.8+incompatible h1:eK1fsXP7R/FWFt+sSNmmvUH9usPocf240nWVw7Dh02o=
github.com/twbs/bootstrap v5.3.8+incompatible/go.mod h1:fZTSrkpSf0/HkL0IIJzvVspTt1r9zuf7XlZau8kpcY0=
